
Microsoft Visual Studio Solution File, Format Version 12.00
# Visual Studio Version 17
VisualStudioVersion = 17.0.31903.59
MinimumVisualStudioVersion = 10.0.40219.1
Project("{FAE04EC0-301F-11D3-BF4B-00C04F79EFBC}") = "Notifications.Domain", "src\Notifications.Domain\Notifications.Domain.csproj", "{56565656-5656-5656-5656-565656565656}"
EndProject
Project("{FAE04EC0-301F-11D3-BF4B-00C04F79EFBC}") = "Notifications.Application", "src\Notifications.Application\Notifications.Application.csproj", "{78787878-7878-7878-7878-787878787878}"
EndProject
Project("{FAE04EC0-301F-11D3-BF4B-00C04F79EFBC}") = "Notifications.Infrastructure", "src\Notifications.Infrastructure\Notifications.Infrastructure.csproj", "{9A9A9A9A-9A9A-9A9A-9A9A-9A9A9A9A9A9A}"
EndProject
Project("{FAE04EC0-301F-11D3-BF4B-00C04F79EFBC}") = "Notifications.API", "src\Notifications.API\Notifications.API.csproj", "{BCBCBCBC-BCBC-BCBC-BCBC-BCBCBCBCBCBC}"
EndProject
Global
	GlobalSection(SolutionConfigurationPlatforms) = preSolution
		Debug|Any CPU = Debug|Any CPU
		Release|Any CPU = Release|Any CPU
	EndGlobalSection
	GlobalSection(ProjectConfigurationPlatforms) = postSolution
		{56565656-5656-5656-5656-565656565656}.Debug|Any CPU.ActiveCfg = Debug|Any CPU
		{56565656-5656-5656-5656-565656565656}.Debug|Any CPU.Build.0 = Debug|Any CPU
		{56565656-5656-5656-5656-565656565656}.Release|Any CPU.ActiveCfg = Release|Any CPU
		{56565656-5656-5656-5656-565656565656}.Release|Any CPU.Build.0 = Release|Any CPU
		{78787878-7878-7878-7878-787878787878}.Debug|Any CPU.ActiveCfg = Debug|Any CPU
		{78787878-7878-7878-7878-787878787878}.Debug|Any CPU.Build.0 = Debug|Any CPU
		{78787878-7878-7878-7878-787878787878}.Release|Any CPU.ActiveCfg = Release|Any CPU
		{78787878-7878-7878-7878-787878787878}.Release|Any CPU.Build.0 = Release|Any CPU
		{9A9A9A9A-9A9A-9A9A-9A9A-9A9A9A9A9A9A}.Debug|Any CPU.ActiveCfg = Debug|Any CPU
		{9A9A9A9A-9A9A-9A9A-9A9A-9A9A9A9A9A9A}.Debug|Any CPU.Build.0 = Debug|Any CPU
		{9A9A9A9A-9A9A-9A9A-9A9A-9A9A9A9A9A9A}.Release|Any CPU.ActiveCfg = Release|Any CPU
		{9A9A9A9A-9A9A-9A9A-9A9A-9A9A9A9A9A9A}.Release|Any CPU.Build.0 = Release|Any CPU
		{BCBCBCBC-BCBC-BCBC-BCBC-BCBCBCBCBCBC}.Debug|Any CPU.ActiveCfg = Debug|Any CPU
		{BCBCBCBC-BCBC-BCBC-BCBC-BCBCBCBCBCBC}.Debug|Any CPU.Build.0 = Debug|Any CPU
		{BCBCBCBC-BCBC-BCBC-BCBC-BCBCBCBCBCBC}.Release|Any CPU.ActiveCfg = Release|Any CPU
		{BCBCBCBC-BCBC-BCBC-BCBC-BCBCBCBCBCBC}.Release|Any CPU.Build.0 = Release|Any CPU
	EndGlobalSection
EndGlobal
